// !$*UTF8*$!
{
	archiveVersion = 1;
	classes = {
	};
	objectVersion = 56;
	objects = {

/* Begin PBXBuildFile section */
		DABC536F28FE482F003FA4B6 /* MosaicWindowsApp.swift in Sources */ = {isa = PBXBuildFile; fileRef = DABC536E28FE482F003FA4B6 /* MosaicWindowsApp.swift */; };
		DABC537128FE482F003FA4B6 /* ContentView.swift in Sources */ = {isa = PBXBuildFile; fileRef = DABC537028FE482F003FA4B6 /* ContentView.swift */; };
		DABC537328FE4830003FA4B6 /* Assets.xcassets in Resources */ = {isa = PBXBuildFile; fileRef = DABC537228FE4830003FA4B6 /* Assets.xcassets */; };
		DABC537628FE4830003FA4B6 /* Preview Assets.xcassets in Resources */ = {isa = PBXBuildFile; fileRef = DABC537528FE4830003FA4B6 /* Preview Assets.xcassets */; };
		DABC538028FE48BF003FA4B6 /* Window.swift in Sources */ = {isa = PBXBuildFile; fileRef = DABC537F28FE48BF003FA4B6 /* Window.swift */; };
		DABC538228FE6E8D003FA4B6 /* WindowsManager.swift in Sources */ = {isa = PBXBuildFile; fileRef = DABC538128FE6E8D003FA4B6 /* WindowsManager.swift */; };
		DABC538528FFBF0A003FA4B6 /* README.md in Resources */ = {isa = PBXBuildFile; fileRef = DABC538428FFBF0A003FA4B6 /* README.md */; };
		DABC538728FFD0C3003FA4B6 /* WindowFrame.swift in Sources */ = {isa = PBXBuildFile; fileRef = DABC538628FFD0C3003FA4B6 /* WindowFrame.swift */; };
/* End PBXBuildFile section */

/* Begin PBXFileReference section */
		DABC536B28FE482F003FA4B6 /* MosaicWindows.app */ = {isa = PBXFileReference; explicitFileType = wrapper.application; includeInIndex = 0; path = MosaicWindows.app; sourceTree = BUILT_PRODUCTS_DIR; };
		DABC536E28FE482F003FA4B6 /* MosaicWindowsApp.swift */ = {isa = PBXFileReference; lastKnownFileType = sourcecode.swift; path = MosaicWindowsApp.swift; sourceTree = "<group>"; };
		DABC537028FE482F003FA4B6 /* ContentView.swift */ = {isa = PBXFileReference; lastKnownFileType = sourcecode.swift; path = ContentView.swift; sourceTree = "<group>"; };
		DABC537228FE4830003FA4B6 /* Assets.xcassets */ = {isa = PBXFileReference; lastKnownFileType = folder.assetcatalog; path = Assets.xcassets; sourceTree = "<group>"; };
		DABC537528FE4830003FA4B6 /* Preview Assets.xcassets */ = {isa = PBXFileReference; lastKnownFileType = folder.assetcatalog; path = "Preview Assets.xcassets"; sourceTree = "<group>"; };
		DABC537728FE4830003FA4B6 /* MosaicWindows.entitlements */ = {isa = PBXFileReference; lastKnownFileType = text.plist.entitlements; path = MosaicWindows.entitlements; sourceTree = "<group>"; };
		DABC537F28FE48BF003FA4B6 /* Window.swift */ = {isa = PBXFileReference; lastKnownFileType = sourcecode.swift; path = Window.swift; sourceTree = "<group>"; };
		DABC538128FE6E8D003FA4B6 /* WindowsManager.swift */ = {isa = PBXFileReference; lastKnownFileType = sourcecode.swift; path = WindowsManager.swift; sourceTree = "<group>"; };
		DABC538428FFBF0A003FA4B6 /* README.md */ = {isa = PBXFileReference; fileEncoding = 4; lastKnownFileType = net.daringfireball.markdown; path = README.md; sourceTree = "<group>"; };
		DABC538628FFD0C3003FA4B6 /* WindowFrame.swift */ = {isa = PBXFileReference; lastKnownFileType = sourcecode.swift; path = WindowFrame.swift; sourceTree = "<group>"; };
/* End PBXFileReference section */

/* Begin PBXFrameworksBuildPhase section */
		DABC536828FE482F003FA4B6 /* Frameworks */ = {
			isa = PBXFrameworksBuildPhase;
			buildActionMask = 2147483647;
			files = (
			);
			runOnlyForDeploymentPostprocessing = 0;
		};
/* End PBXFrameworksBuildPhase section */

/* Begin PBXGroup section */
		DABC536228FE482F003FA4B6 = {
			isa = PBXGroup;
			children = (
				DABC538428FFBF0A003FA4B6 /* README.md */,
				DABC536D28FE482F003FA4B6 /* MosaicWindows */,
				DABC536C28FE482F003FA4B6 /* Products */,
			);
			sourceTree = "<group>";
		};
		DABC536C28FE482F003FA4B6 /* Products */ = {
			isa = PBXGroup;
			children = (
				DABC536B28FE482F003FA4B6 /* MosaicWindows.app */,
			);
			name = Products;
			sourceTree = "<group>";
		};
		DABC536D28FE482F003FA4B6 /* MosaicWindows */ = {
			isa = PBXGroup;
			children = (
				DABC537E28FE484E003FA4B6 /* Views */,
				DABC537D28FE4849003FA4B6 /* Models */,
				DABC536E28FE482F003FA4B6 /* MosaicWindowsApp.swift */,
				DABC538128FE6E8D003FA4B6 /* WindowsManager.swift */,
				DABC537028FE482F003FA4B6 /* ContentView.swift */,
				DABC537228FE4830003FA4B6 /* Assets.xcassets */,
				DABC537728FE4830003FA4B6 /* MosaicWindows.entitlements */,
				DABC537428FE4830003FA4B6 /* Preview Content */,
			);
			path = MosaicWindows;
			sourceTree = "<group>";
		};
		DABC537428FE4830003FA4B6 /* Preview Content */ = {
			isa = PBXGroup;
			children = (
				DABC537528FE4830003FA4B6 /* Preview Assets.xcassets */,
			);
			path = "Preview Content";
			sourceTree = "<group>";
		};
		DABC537D28FE4849003FA4B6 /* Models */ = {
			isa = PBXGroup;
			children = (
				DABC537F28FE48BF003FA4B6 /* Window.swift */,
				DABC538628FFD0C3003FA4B6 /* WindowFrame.swift */,
			);
			path = Models;
			sourceTree = "<group>";
		};
		DABC537E28FE484E003FA4B6 /* Views */ = {
			isa = PBXGroup;
			children = (
			);
			path = Views;
			sourceTree = "<group>";
		};
/* End PBXGroup section */

/* Begin PBXNativeTarget section */
		DABC536A28FE482F003FA4B6 /* MosaicWindows */ = {
			isa = PBXNativeTarget;
			buildConfigurationList = DABC537A28FE4830003FA4B6 /* Build configuration list for PBXNativeTarget "MosaicWindows" */;
			buildPhases = (
				DABC536728FE482F003FA4B6 /* Sources */,
				DABC536828FE482F003FA4B6 /* Frameworks */,
				DABC536928FE482F003FA4B6 /* Resources */,
			);
			buildRules = (
			);
			dependencies = (
			);
			name = MosaicWindows;
			productName = MosaicWindows;
			productReference = DABC536B28FE482F003FA4B6 /* MosaicWindows.app */;
			productType = "com.apple.product-type.application";
		};
/* End PBXNativeTarget section */

/* Begin PBXProject section */
		DABC536328FE482F003FA4B6 /* Project object */ = {
			isa = PBXProject;
			attributes = {
				BuildIndependentTargetsInParallel = 1;
				LastSwiftUpdateCheck = 1400;
				LastUpgradeCheck = 1400;
				TargetAttributes = {
					DABC536A28FE482F003FA4B6 = {
						CreatedOnToolsVersion = 14.0.1;
					};
				};
			};
			buildConfigurationList = DABC536628FE482F003FA4B6 /* Build configuration list for PBXProject "MosaicWindows" */;
			compatibilityVersion = "Xcode 14.0";
			developmentRegion = en;
			hasScannedForEncodings = 0;
			knownRegions = (
				en,
				Base,
			);
			mainGroup = DABC536228FE482F003FA4B6;
			productRefGroup = DABC536C28FE482F003FA4B6 /* Products */;
			projectDirPath = "";
			projectRoot = "";
			targets = (
				DABC536A28FE482F003FA4B6 /* MosaicWindows */,
			);
		};
/* End PBXProject section */

/* Begin PBXResourcesBuildPhase section */
		DABC536928FE482F003FA4B6 /* Resources */ = {
			isa = PBXResourcesBuildPhase;
			buildActionMask = 2147483647;
			files = (
				DABC538528FFBF0A003FA4B6 /* README.md in Resources */,
				DABC537628FE4830003FA4B6 /* Preview Assets.xcassets in Resources */,
				DABC537328FE4830003FA4B6 /* Assets.xcassets in Resources */,
			);
			runOnlyForDeploymentPostprocessing = 0;
		};
/* End PBXResourcesBuildPhase section */

/* Begin PBXSourcesBuildPhase section */
		DABC536728FE482F003FA4B6 /* Sources */ = {
			isa = PBXSourcesBuildPhase;
			buildActionMask = 2147483647;
			files = (
				DABC538728FFD0C3003FA4B6 /* WindowFrame.swift in Sources */,
				DABC537128FE482F003FA4B6 /* ContentView.swift in Sources */,
				DABC538228FE6E8D003FA4B6 /* WindowsManager.swift in Sources */,
				DABC536F28FE482F003FA4B6 /* MosaicWindowsApp.swift in Sources */,
				DABC538028FE48BF003FA4B6 /* Window.swift in Sources */,
			);
			runOnlyForDeploymentPostprocessing = 0;
		};
/* End PBXSourcesBuildPhase section */

/* Begin XCBuildConfiguration section */
		DABC537828FE4830003FA4B6 /* Debug */ = {
			isa = XCBuildConfiguration;
			buildSettings = {
				ALWAYS_SEARCH_USER_PATHS = NO;
				CLANG_ANALYZER_NONNULL = YES;
				CLANG_ANALYZER_NUMBER_OBJECT_CONVERSION = YES_AGGRESSIVE;
				CLANG_CXX_LANGUAGE_STANDARD = "gnu++20";
				CLANG_ENABLE_MODULES = YES;
				CLANG_ENABLE_OBJC_ARC = YES;
				CLANG_ENABLE_OBJC_WEAK = YES;
				CLANG_WARN_BLOCK_CAPTURE_AUTORELEASING = YES;
				CLANG_WARN_BOOL_CONVERSION = YES;
				CLANG_WARN_COMMA = YES;
				CLANG_WARN_CONSTANT_CONVERSION = YES;
				CLANG_WARN_DEPRECATED_OBJC_IMPLEMENTATIONS = YES;
				CLANG_WARN_DIRECT_OBJC_ISA_USAGE = YES_ERROR;
				CLANG_WARN_DOCUMENTATION_COMMENTS = YES;
				CLANG_WARN_EMPTY_BODY = YES;
				CLANG_WARN_ENUM_CONVERSION = YES;
				CLANG_WARN_INFINITE_RECURSION = YES;
				CLANG_WARN_INT_CONVERSION = YES;
				CLANG_WARN_NON_LITERAL_NULL_CONVERSION = YES;
				CLANG_WARN_OBJC_IMPLICIT_RETAIN_SELF = YES;
				CLANG_WARN_OBJC_LITERAL_CONVERSION = YES;
				CLANG_WARN_OBJC_ROOT_CLASS = YES_ERROR;
				CLANG_WARN_QUOTED_INCLUDE_IN_FRAMEWORK_HEADER = YES;
				CLANG_WARN_RANGE_LOOP_ANALYSIS = YES;
				CLANG_WARN_STRICT_PROTOTYPES = YES;
				CLANG_WARN_SUSPICIOUS_MOVE = YES;
				CLANG_WARN_UNGUARDED_AVAILABILITY = YES_AGGRESSIVE;
				CLANG_WARN_UNREACHABLE_CODE = YES;
				CLANG_WARN__DUPLICATE_METHOD_MATCH = YES;
				COPY_PHASE_STRIP = NO;
				DEBUG_INFORMATION_FORMAT = dwarf;
				ENABLE_STRICT_OBJC_MSGSEND = YES;
				ENABLE_TESTABILITY = YES;
				GCC_C_LANGUAGE_STANDARD = gnu11;
				GCC_DYNAMIC_NO_PIC = NO;
				GCC_NO_COMMON_BLOCKS = YES;
				GCC_OPTIMIZATION_LEVEL = 0;
				GCC_PREPROCESSOR_DEFINITIONS = (
					"DEBUG=1",
					"$(inherited)",
				);
				GCC_WARN_64_TO_32_BIT_CONVERSION = YES;
				GCC_WARN_ABOUT_RETURN_TYPE = YES_ERROR;
				GCC_WARN_UNDECLARED_SELECTOR = YES;
				GCC_WARN_UNINITIALIZED_AUTOS = YES_AGGRESSIVE;
				GCC_WARN_UNUSED_FUNCTION = YES;
				GCC_WARN_UNUSED_VARIABLE = YES;
				MACOSX_DEPLOYMENT_TARGET = 12.3;
				MTL_ENABLE_DEBUG_INFO = INCLUDE_SOURCE;
				MTL_FAST_MATH = YES;
				ONLY_ACTIVE_ARCH = YES;
				SDKROOT = macosx;
				SWIFT_ACTIVE_COMPILATION_CONDITIONS = DEBUG;
				SWIFT_OPTIMIZATION_LEVEL = "-Onone";
			};
			name = Debug;
		};
		DABC537928FE4830003FA4B6 /* Release */ = {
			isa = XCBuildConfiguration;
			buildSettings = {
				ALWAYS_SEARCH_USER_PATHS = NO;
				CLANG_ANALYZER_NONNULL = YES;
				CLANG_ANALYZER_NUMBER_OBJECT_CONVERSION = YES_AGGRESSIVE;
				CLANG_CXX_LANGUAGE_STANDARD = "gnu++20";
				CLANG_ENABLE_MODULES = YES;
				CLANG_ENABLE_OBJC_ARC = YES;
				CLANG_ENABLE_OBJC_WEAK = YES;
				CLANG_WARN_BLOCK_CAPTURE_AUTORELEASING = YES;
				CLANG_WARN_BOOL_CONVERSION = YES;
				CLANG_WARN_COMMA = YES;
				CLANG_WARN_CONSTANT_CONVERSION = YES;
				CLANG_WARN_DEPRECATED_OBJC_IMPLEMENTATIONS = YES;
				CLANG_WARN_DIRECT_OBJC_ISA_USAGE = YES_ERROR;
				CLANG_WARN_DOCUMENTATION_COMMENTS = YES;
				CLANG_WARN_EMPTY_BODY = YES;
				CLANG_WARN_ENUM_CONVERSION = YES;
				CLANG_WARN_INFINITE_RECURSION = YES;
				CLANG_WARN_INT_CONVERSION = YES;
				CLANG_WARN_NON_LITERAL_NULL_CONVERSION = YES;
				CLANG_WARN_OBJC_IMPLICIT_RETAIN_SELF = YES;
				CLANG_WARN_OBJC_LITERAL_CONVERSION = YES;
				CLANG_WARN_OBJC_ROOT_CLASS = YES_ERROR;
				CLANG_WARN_QUOTED_INCLUDE_IN_FRAMEWORK_HEADER = YES;
				CLANG_WARN_RANGE_LOOP_ANALYSIS = YES;
				CLANG_WARN_STRICT_PROTOTYPES = YES;
				CLANG_WARN_SUSPICIOUS_MOVE = YES;
				CLANG_WARN_UNGUARDED_AVAILABILITY = YES_AGGRESSIVE;
				CLANG_WARN_UNREACHABLE_CODE = YES;
				CLANG_WARN__DUPLICATE_METHOD_MATCH = YES;
				COPY_PHASE_STRIP = NO;
				DEBUG_INFORMATION_FORMAT = "dwarf-with-dsym";
				ENABLE_NS_ASSERTIONS = NO;
				ENABLE_STRICT_OBJC_MSGSEND = YES;
				GCC_C_LANGUAGE_STANDARD = gnu11;
				GCC_NO_COMMON_BLOCKS = YES;
				GCC_WARN_64_TO_32_BIT_CONVERSION = YES;
				GCC_WARN_ABOUT_RETURN_TYPE = YES_ERROR;
				GCC_WARN_UNDECLARED_SELECTOR = YES;
				GCC_WARN_UNINITIALIZED_AUTOS = YES_AGGRESSIVE;
				GCC_WARN_UNUSED_FUNCTION = YES;
				GCC_WARN_UNUSED_VARIABLE = YES;
				MACOSX_DEPLOYMENT_TARGET = 12.3;
				MTL_ENABLE_DEBUG_INFO = NO;
				MTL_FAST_MATH = YES;
				SDKROOT = macosx;
				SWIFT_COMPILATION_MODE = wholemodule;
				SWIFT_OPTIMIZATION_LEVEL = "-O";
			};
			name = Release;
		};
		DABC537B28FE4830003FA4B6 /* Debug */ = {
			isa = XCBuildConfiguration;
			buildSettings = {
				ASSETCATALOG_COMPILER_APPICON_NAME = AppIcon;
				ASSETCATALOG_COMPILER_GLOBAL_ACCENT_COLOR_NAME = AccentColor;
				CODE_SIGN_ENTITLEMENTS = MosaicWindows/MosaicWindows.entitlements;
				CODE_SIGN_STYLE = Automatic;
				COMBINE_HIDPI_IMAGES = YES;
				CURRENT_PROJECT_VERSION = 1;
				DEVELOPMENT_ASSET_PATHS = "\"MosaicWindows/Preview Content\"";
				DEVELOPMENT_TEAM = BWMJMJK727;
				ENABLE_HARDENED_RUNTIME = YES;
				ENABLE_PREVIEWS = YES;
				GENERATE_INFOPLIST_FILE = YES;
				INFOPLIST_KEY_NSHumanReadableCopyright = "";
				LD_RUNPATH_SEARCH_PATHS = (
					"$(inherited)",
					"@executable_path/../Frameworks",
				);
				MARKETING_VERSION = 1.0;
				PRODUCT_BUNDLE_IDENTIFIER = com.ikeh1024.MosaicWindows;
				PRODUCT_NAME = "$(TARGET_NAME)";
				SWIFT_EMIT_LOC_STRINGS = YES;
				SWIFT_VERSION = 5.0;
			};
			name = Debug;
		};
		DABC537C28FE4830003FA4B6 /* Release */ = {
			isa = XCBuildConfiguration;
			buildSettings = {
				ASSETCATALOG_COMPILER_APPICON_NAME = AppIcon;
				ASSETCATALOG_COMPILER_GLOBAL_ACCENT_COLOR_NAME = AccentColor;
				CODE_SIGN_ENTITLEMENTS = MosaicWindows/MosaicWindows.entitlements;
				CODE_SIGN_STYLE = Automatic;
				COMBINE_HIDPI_IMAGES = YES;
				CURRENT_PROJECT_VERSION = 1;
				DEVELOPMENT_ASSET_PATHS = "\"MosaicWindows/Preview Content\"";
				DEVELOPMENT_TEAM = BWMJMJK727;
				ENABLE_HARDENED_RUNTIME = YES;
				ENABLE_PREVIEWS = YES;
				GENERATE_INFOPLIST_FILE = YES;
				INFOPLIST_KEY_NSHumanReadableCopyright = "";
				LD_RUNPATH_SEARCH_PATHS = (
					"$(inherited)",
					"@executable_path/../Frameworks",
				);
				MARKETING_VERSION = 1.0;
				PRODUCT_BUNDLE_IDENTIFIER = com.ikeh1024.MosaicWindows;
				PRODUCT_NAME = "$(TARGET_NAME)";
				SWIFT_EMIT_LOC_STRINGS = YES;
				SWIFT_VERSION = 5.0;
			};
			name = Release;
		};
/* End XCBuildConfiguration section */

/* Begin XCConfigurationList section */
		DABC536628FE482F003FA4B6 /* Build configuration list for PBXProject "MosaicWindows" */ = {
			isa = XCConfigurationList;
			buildConfigurations = (
				DABC537828FE4830003FA4B6 /* Debug */,
				DABC537928FE4830003FA4B6 /* Release */,
			);
			defaultConfigurationIsVisible = 0;
			defaultConfigurationName = Release;
		};
		DABC537A28FE4830003FA4B6 /* Build configuration list for PBXNativeTarget "MosaicWindows" */ = {
			isa = XCConfigurationList;
			buildConfigurations = (
				DABC537B28FE4830003FA4B6 /* Debug */,
				DABC537C28FE4830003FA4B6 /* Release */,
			);
			defaultConfigurationIsVisible = 0;
			defaultConfigurationName = Release;
		};
/* End XCConfigurationList section */
	};
	rootObject = DABC536328FE482F003FA4B6 /* Project object */;
}
